
Microsoft Visual Studio Solution File, Format Version 12.00
# Visual Studio Version 17
VisualStudioVersion = 17.4.33213.308
MinimumVisualStudioVersion = 10.0.40219.1
Project("{FAE04EC0-301F-11D3-BF4B-00C04F79EFBC}") = "FreeTeste.Api", "FreeTeste.Api\FreeTeste.Api.csproj", "{D73DDB71-58A4-4AB2-8986-4A0581599020}"
EndProject
Global
	GlobalSection(SolutionConfigurationPlatforms) = preSolution
		Debug|Any CPU = Debug|Any CPU
		Release|Any CPU = Release|Any CPU
	EndGlobalSection
	GlobalSection(ProjectConfigurationPlatforms) = postSolution
		{D73DDB71-58A4-4AB2-8986-4A0581599020}.Debug|Any CPU.ActiveCfg = Debug|Any CPU
		{D73DDB71-58A4-4AB2-8986-4A0581599020}.Debug|Any CPU.Build.0 = Debug|Any CPU
		{D73DDB71-58A4-4AB2-8986-4A0581599020}.Release|Any CPU.ActiveCfg = Release|Any CPU
		{D73DDB71-58A4-4AB2-8986-4A0581599020}.Release|Any CPU.Build.0 = Release|Any CPU
	EndGlobalSection
	GlobalSection(SolutionProperties) = preSolution
		HideSolutionNode = FALSE
	EndGlobalSection
	GlobalSection(ExtensibilityGlobals) = postSolution
		SolutionGuid = {DCED5756-62DA-4D97-8843-002A1E2456F8}
	EndGlobalSection
EndGlobal
